
Microsoft Visual Studio Solution File, Format Version 12.00
# Visual Studio Version 17
VisualStudioVersion = 17.1.32421.90
MinimumVisualStudioVersion = 10.0.40219.1
Project("{FAE04EC0-301F-11D3-BF4B-00C04F79EFBC}") = "EjercicioPrueba4", "EjercicioPrueba4.csproj", "{2A0100C4-49F0-46A7-A630-48800F349225}"
EndProject
Project("{FAE04EC0-301F-11D3-BF4B-00C04F79EFBC}") = "Modelos", "..\Modelos\Modelos.csproj", "{757C16DC-DD65-4275-8931-B383711111BE}"
EndProject
Global
	GlobalSection(SolutionConfigurationPlatforms) = preSolution
		Debug|Any CPU = Debug|Any CPU
		Release|Any CPU = Release|Any CPU
	EndGlobalSection
	GlobalSection(ProjectConfigurationPlatforms) = postSolution
		{2A0100C4-49F0-46A7-A630-48800F349225}.Debug|Any CPU.ActiveCfg = Debug|Any CPU
		{2A0100C4-49F0-46A7-A630-48800F349225}.Debug|Any CPU.Build.0 = Debug|Any CPU
		{2A0100C4-49F0-46A7-A630-48800F349225}.Release|Any CPU.ActiveCfg = Release|Any CPU
		{2A0100C4-49F0-46A7-A630-48800F349225}.Release|Any CPU.Build.0 = Release|Any CPU
		{757C16DC-DD65-4275-8931-B383711111BE}.Debug|Any CPU.ActiveCfg = Debug|Any CPU
		{757C16DC-DD65-4275-8931-B383711111BE}.Debug|Any CPU.Build.0 = Debug|Any CPU
		{757C16DC-DD65-4275-8931-B383711111BE}.Release|Any CPU.ActiveCfg = Release|Any CPU
		{757C16DC-DD65-4275-8931-B383711111BE}.Release|Any CPU.Build.0 = Release|Any CPU
	EndGlobalSection
	GlobalSection(SolutionProperties) = preSolution
		HideSolutionNode = FALSE
	EndGlobalSection
	GlobalSection(ExtensibilityGlobals) = postSolution
		SolutionGuid = {4EDD6B76-EF19-43EA-8626-BC24FCAF3E49}
	EndGlobalSection
EndGlobal
